
Microsoft Visual Studio Solution File, Format Version 12.00
Project("{2150E333-8FDC-42A3-9474-1A3956D46DE8}") = "Client", "Client", "{2F0A3BC4-07F6-4EE4-ADC8-5AD0A58DBB78}"
EndProject
Project("{FAE04EC0-301F-11D3-BF4B-00C04F79EFBC}") = "CalendarApp", "Client\CalendarApp\CalendarApp.csproj", "{522CD5C2-3A4A-4DB0-BF74-FFD82B4C07DC}"
EndProject
Project("{2150E333-8FDC-42A3-9474-1A3956D46DE8}") = "Server", "Server", "{867C0225-3D7A-40F1-9C80-BB46995B90F9}"
EndProject
Project("{2150E333-8FDC-42A3-9474-1A3956D46DE8}") = "Shared", "Shared", "{C6AD1F23-8B0C-4A0E-ADF8-23B5C90E486D}"
EndProject
Project("{FAE04EC0-301F-11D3-BF4B-00C04F79EFBC}") = "Entities", "Entities\Entities.csproj", "{5F5B5D78-6BA8-4A43-BE15-B209A43641DF}"
EndProject
Project("{FAE04EC0-301F-11D3-BF4B-00C04F79EFBC}") = "Repositories", "Repositories\Repositories.csproj", "{D9143247-207C-4112-852C-033EA6B25EB7}"
EndProject
Project("{FAE04EC0-301F-11D3-BF4B-00C04F79EFBC}") = "WebApi", "WebApi\WebApi.csproj", "{1026064B-4F46-4BA6-B022-1A92CC886579}"
EndProject
Project("{FAE04EC0-301F-11D3-BF4B-00C04F79EFBC}") = "DTOs", "DTOs\DTOs.csproj", "{02E2C156-19C4-4367-9884-A343A82FE9DC}"
EndProject
Project("{FAE04EC0-301F-11D3-BF4B-00C04F79EFBC}") = "EfcRepository", "EfcRepository\EfcRepository.csproj", "{42A6A2C2-8616-414B-BDB7-C5C1D6943B35}"
EndProject
Project("{2150E333-8FDC-42A3-9474-1A3956D46DE8}") = "Extra", "Extra", "{7BAC9529-44F9-4498-88CC-459D4BB9ABFC}"
EndProject
Global
	GlobalSection(SolutionConfigurationPlatforms) = preSolution
		Debug|Any CPU = Debug|Any CPU
		Release|Any CPU = Release|Any CPU
	EndGlobalSection
	GlobalSection(NestedProjects) = preSolution
		{522CD5C2-3A4A-4DB0-BF74-FFD82B4C07DC} = {2F0A3BC4-07F6-4EE4-ADC8-5AD0A58DBB78}
		{5F5B5D78-6BA8-4A43-BE15-B209A43641DF} = {867C0225-3D7A-40F1-9C80-BB46995B90F9}
		{D9143247-207C-4112-852C-033EA6B25EB7} = {867C0225-3D7A-40F1-9C80-BB46995B90F9}
		{1026064B-4F46-4BA6-B022-1A92CC886579} = {867C0225-3D7A-40F1-9C80-BB46995B90F9}
		{02E2C156-19C4-4367-9884-A343A82FE9DC} = {C6AD1F23-8B0C-4A0E-ADF8-23B5C90E486D}
		{42A6A2C2-8616-414B-BDB7-C5C1D6943B35} = {867C0225-3D7A-40F1-9C80-BB46995B90F9}
	EndGlobalSection
	GlobalSection(ProjectConfigurationPlatforms) = postSolution
		{522CD5C2-3A4A-4DB0-BF74-FFD82B4C07DC}.Debug|Any CPU.ActiveCfg = Debug|Any CPU
		{522CD5C2-3A4A-4DB0-BF74-FFD82B4C07DC}.Debug|Any CPU.Build.0 = Debug|Any CPU
		{522CD5C2-3A4A-4DB0-BF74-FFD82B4C07DC}.Release|Any CPU.ActiveCfg = Release|Any CPU
		{522CD5C2-3A4A-4DB0-BF74-FFD82B4C07DC}.Release|Any CPU.Build.0 = Release|Any CPU
		{5F5B5D78-6BA8-4A43-BE15-B209A43641DF}.Debug|Any CPU.ActiveCfg = Debug|Any CPU
		{5F5B5D78-6BA8-4A43-BE15-B209A43641DF}.Debug|Any CPU.Build.0 = Debug|Any CPU
		{5F5B5D78-6BA8-4A43-BE15-B209A43641DF}.Release|Any CPU.ActiveCfg = Release|Any CPU
		{5F5B5D78-6BA8-4A43-BE15-B209A43641DF}.Release|Any CPU.Build.0 = Release|Any CPU
		{D9143247-207C-4112-852C-033EA6B25EB7}.Debug|Any CPU.ActiveCfg = Debug|Any CPU
		{D9143247-207C-4112-852C-033EA6B25EB7}.Debug|Any CPU.Build.0 = Debug|Any CPU
		{D9143247-207C-4112-852C-033EA6B25EB7}.Release|Any CPU.ActiveCfg = Release|Any CPU
		{D9143247-207C-4112-852C-033EA6B25EB7}.Release|Any CPU.Build.0 = Release|Any CPU
		{1026064B-4F46-4BA6-B022-1A92CC886579}.Debug|Any CPU.ActiveCfg = Debug|Any CPU
		{1026064B-4F46-4BA6-B022-1A92CC886579}.Debug|Any CPU.Build.0 = Debug|Any CPU
		{1026064B-4F46-4BA6-B022-1A92CC886579}.Release|Any CPU.ActiveCfg = Release|Any CPU
		{1026064B-4F46-4BA6-B022-1A92CC886579}.Release|Any CPU.Build.0 = Release|Any CPU
		{02E2C156-19C4-4367-9884-A343A82FE9DC}.Debug|Any CPU.ActiveCfg = Debug|Any CPU
		{02E2C156-19C4-4367-9884-A343A82FE9DC}.Debug|Any CPU.Build.0 = Debug|Any CPU
		{02E2C156-19C4-4367-9884-A343A82FE9DC}.Release|Any CPU.ActiveCfg = Release|Any CPU
		{02E2C156-19C4-4367-9884-A343A82FE9DC}.Release|Any CPU.Build.0 = Release|Any CPU
		{42A6A2C2-8616-414B-BDB7-C5C1D6943B35}.Debug|Any CPU.ActiveCfg = Debug|Any CPU
		{42A6A2C2-8616-414B-BDB7-C5C1D6943B35}.Debug|Any CPU.Build.0 = Debug|Any CPU
		{42A6A2C2-8616-414B-BDB7-C5C1D6943B35}.Release|Any CPU.ActiveCfg = Release|Any CPU
		{42A6A2C2-8616-414B-BDB7-C5C1D6943B35}.Release|Any CPU.Build.0 = Release|Any CPU
	EndGlobalSection
EndGlobal
